
Microsoft Visual Studio Solution File, Format Version 12.00
# Visual Studio Version 17
VisualStudioVersion = 17.11.35303.130
MinimumVisualStudioVersion = 10.0.40219.1
Project("{9A19103F-16F7-4668-BE54-9A1E7A4F7556}") = "Unit_Trust_Backend", "Unit_Trust_Backend.csproj", "{DA1C3D58-8D7D-40FC-A02F-E39B87DE6809}"
EndProject
Global
	GlobalSection(SolutionConfigurationPlatforms) = preSolution
		Debug|Any CPU = Debug|Any CPU
		Release|Any CPU = Release|Any CPU
	EndGlobalSection
	GlobalSection(ProjectConfigurationPlatforms) = postSolution
		{DA1C3D58-8D7D-40FC-A02F-E39B87DE6809}.Debug|Any CPU.ActiveCfg = Debug|Any CPU
		{DA1C3D58-8D7D-40FC-A02F-E39B87DE6809}.Debug|Any CPU.Build.0 = Debug|Any CPU
		{DA1C3D58-8D7D-40FC-A02F-E39B87DE6809}.Release|Any CPU.ActiveCfg = Release|Any CPU
		{DA1C3D58-8D7D-40FC-A02F-E39B87DE6809}.Release|Any CPU.Build.0 = Release|Any CPU
	EndGlobalSection
	GlobalSection(SolutionProperties) = preSolution
		HideSolutionNode = FALSE
	EndGlobalSection
	GlobalSection(ExtensibilityGlobals) = postSolution
		SolutionGuid = {A8076209-BA3C-49C2-AEE7-5975593BBB38}
	EndGlobalSection
EndGlobal
